
Microsoft Visual Studio Solution File, Format Version 12.00
# Visual Studio Version 17
VisualStudioVersion = 17.1.32319.34
MinimumVisualStudioVersion = 10.0.40219.1
Project("{9A19103F-16F7-4668-BE54-9A1E7A4F7556}") = "dtdl-dotnet", "dtdl-dotnet\dtdl-dotnet.csproj", "{9707725B-238D-4634-9EA1-2677840DFB94}"
EndProject
Project("{2150E333-8FDC-42A3-9474-1A3956D46DE8}") = "dtmi", "dtmi", "{544EFB73-2793-41BE-9822-A4E2A82A7AD6}"
EndProject
Project("{2150E333-8FDC-42A3-9474-1A3956D46DE8}") = "samplesv2", "samplesv2", "{0044B996-FB92-429E-9286-86F7C286E95C}"
	ProjectSection(SolutionItems) = preProject
		dtmi\samplesv2\anextendedinterface-1.json = dtmi\samplesv2\anextendedinterface-1.json
		dtmi\samplesv2\aninterface-1.json = dtmi\samplesv2\aninterface-1.json
		dtmi\samplesv2\centraldemo-1.json = dtmi\samplesv2\centraldemo-1.json
		dtmi\samplesv2\extensions-1.json = dtmi\samplesv2\extensions-1.json
		dtmi\samplesv2\geotypes-1.json = dtmi\samplesv2\geotypes-1.json
		dtmi\samplesv2\inlineComponent-1.json = dtmi\samplesv2\inlineComponent-1.json
	EndProjectSection
EndProject
Project("{2150E333-8FDC-42A3-9474-1A3956D46DE8}") = "samplesv3", "samplesv3", "{2DD1AF63-8E57-4D5D-ACE7-5D9217F26165}"
	ProjectSection(SolutionItems) = preProject
		dtmi\samplesv3\anextendedinterface-1.json = dtmi\samplesv3\anextendedinterface-1.json
		dtmi\samplesv3\aninterface-1.json = dtmi\samplesv3\aninterface-1.json
		dtmi\samplesv3\centraldemo-1.json = dtmi\samplesv3\centraldemo-1.json
		dtmi\samplesv3\customSchemas-1.json = dtmi\samplesv3\customSchemas-1.json
		dtmi\samplesv3\extensions-1.json = dtmi\samplesv3\extensions-1.json
		dtmi\samplesv3\mixingversions-1.json = dtmi\samplesv3\mixingversions-1.json
		dtmi\samplesv3\quantitativeTypes-1.json = dtmi\samplesv3\quantitativeTypes-1.json
		dtmi\samplesv3\inlinedemo-1.json = dtmi\samplesv3\inlinedemo-1.json
		dtmi\samplesv3\quantitativeTypes-2.json = dtmi\samplesv3\quantitativeTypes-2.json
	EndProjectSection
EndProject
Project("{9A19103F-16F7-4668-BE54-9A1E7A4F7556}") = "validate-payload", "validate-payload\validate-payload.csproj", "{9A9D1FA2-A1C6-4F21-A505-5403F6F47DA8}"
EndProject
Project("{9A19103F-16F7-4668-BE54-9A1E7A4F7556}") = "dtdl-dotnet-legacy", "dtdl-dotnet-legacy\dtdl-dotnet-legacy.csproj", "{07579E75-59FF-49D9-B76C-FD10433F9D8C}"
EndProject
Project("{2150E333-8FDC-42A3-9474-1A3956D46DE8}") = "Solution Items", "Solution Items", "{5C8BC8E6-9DE9-46EB-9D8C-388EB755372D}"
	ProjectSection(SolutionItems) = preProject
		nuget.config = nuget.config
	EndProjectSection
EndProject
Project("{2150E333-8FDC-42A3-9474-1A3956D46DE8}") = "paad", "paad", "{1F56BD12-F94E-40C1-9800-2441804C635F}"
	ProjectSection(SolutionItems) = preProject
		dtmi\azureiot\paad\iotphone-1.json = dtmi\azureiot\paad\iotphone-1.json
	EndProjectSection
EndProject
Project("{2150E333-8FDC-42A3-9474-1A3956D46DE8}") = "sensors", "sensors", "{0DE866EC-A6CA-42F0-9F52-5F03B4A1D7F5}"
	ProjectSection(SolutionItems) = preProject
		dtmi\azureiot\paad\sensors\basesensor-1.json = dtmi\azureiot\paad\sensors\basesensor-1.json
		dtmi\azureiot\paad\sensors\battery-1.json = dtmi\azureiot\paad\sensors\battery-1.json
		dtmi\azureiot\paad\sensors\location-1.json = dtmi\azureiot\paad\sensors\location-1.json
		dtmi\azureiot\paad\sensors\magnet-1.json = dtmi\azureiot\paad\sensors\magnet-1.json
		dtmi\azureiot\paad\sensors\movement-1.json = dtmi\azureiot\paad\sensors\movement-1.json
		dtmi\azureiot\paad\sensors\pressure-1.json = dtmi\azureiot\paad\sensors\pressure-1.json
	EndProjectSection
EndProject
Global
	GlobalSection(SolutionConfigurationPlatforms) = preSolution
		Debug|Any CPU = Debug|Any CPU
		Release|Any CPU = Release|Any CPU
	EndGlobalSection
	GlobalSection(ProjectConfigurationPlatforms) = postSolution
		{9707725B-238D-4634-9EA1-2677840DFB94}.Debug|Any CPU.ActiveCfg = Debug|Any CPU
		{9707725B-238D-4634-9EA1-2677840DFB94}.Debug|Any CPU.Build.0 = Debug|Any CPU
		{9707725B-238D-4634-9EA1-2677840DFB94}.Release|Any CPU.ActiveCfg = Release|Any CPU
		{9707725B-238D-4634-9EA1-2677840DFB94}.Release|Any CPU.Build.0 = Release|Any CPU
		{9A9D1FA2-A1C6-4F21-A505-5403F6F47DA8}.Debug|Any CPU.ActiveCfg = Debug|Any CPU
		{9A9D1FA2-A1C6-4F21-A505-5403F6F47DA8}.Debug|Any CPU.Build.0 = Debug|Any CPU
		{9A9D1FA2-A1C6-4F21-A505-5403F6F47DA8}.Release|Any CPU.ActiveCfg = Release|Any CPU
		{9A9D1FA2-A1C6-4F21-A505-5403F6F47DA8}.Release|Any CPU.Build.0 = Release|Any CPU
		{07579E75-59FF-49D9-B76C-FD10433F9D8C}.Debug|Any CPU.ActiveCfg = Debug|Any CPU
		{07579E75-59FF-49D9-B76C-FD10433F9D8C}.Debug|Any CPU.Build.0 = Debug|Any CPU
		{07579E75-59FF-49D9-B76C-FD10433F9D8C}.Release|Any CPU.ActiveCfg = Release|Any CPU
		{07579E75-59FF-49D9-B76C-FD10433F9D8C}.Release|Any CPU.Build.0 = Release|Any CPU
	EndGlobalSection
	GlobalSection(SolutionProperties) = preSolution
		HideSolutionNode = FALSE
	EndGlobalSection
	GlobalSection(NestedProjects) = preSolution
		{0044B996-FB92-429E-9286-86F7C286E95C} = {544EFB73-2793-41BE-9822-A4E2A82A7AD6}
		{2DD1AF63-8E57-4D5D-ACE7-5D9217F26165} = {544EFB73-2793-41BE-9822-A4E2A82A7AD6}
		{1F56BD12-F94E-40C1-9800-2441804C635F} = {544EFB73-2793-41BE-9822-A4E2A82A7AD6}
		{0DE866EC-A6CA-42F0-9F52-5F03B4A1D7F5} = {1F56BD12-F94E-40C1-9800-2441804C635F}
	EndGlobalSection
	GlobalSection(ExtensibilityGlobals) = postSolution
		SolutionGuid = {2C2BF066-23AF-4B46-A93E-32B6413FADC9}
	EndGlobalSection
EndGlobal
